{
  "version": 4,
  "terraform_version": "0.12.26",
  "serial": 42,
  "lineage": "90a3512c-fd9b-38b8-f0e4-f1af0f116a95",
  "outputs": {
    "myip": {
      "value": "13.234.66.240",
      "type": "string"
    }
  },
  "resources": [
    {
      "mode": "managed",
      "type": "aws_cloudfront_distribution",
      "name": "terra_cloudfront",
      "provider": "provider.aws",
      "instances": [
        {
          "schema_version": 1,
          "attributes": {
            "active_trusted_signers": {
              "enabled": "false",
              "items.#": "0"
            },
            "aliases": [],
            "arn": "arn:aws:cloudfront::038340661940:distribution/E383ZDGOWGPY8X",
            "cache_behavior": [],
            "caller_reference": "terraform-20200615070324827200000001",
            "comment": null,
            "custom_error_response": [],
            "default_cache_behavior": [
              {
                "allowed_methods": [
                  "DELETE",
                  "GET",
                  "HEAD",
                  "OPTIONS",
                  "PATCH",
                  "POST",
                  "PUT"
                ],
                "cached_methods": [
                  "GET",
                  "HEAD"
                ],
                "compress": false,
                "default_ttl": 3600,
                "field_level_encryption_id": "",
                "forwarded_values": [
                  {
                    "cookies": [
                      {
                        "forward": "none",
                        "whitelisted_names": []
                      }
                    ],
                    "headers": [],
                    "query_string": false,
                    "query_string_cache_keys": []
                  }
                ],
                "lambda_function_association": [],
                "max_ttl": 86400,
                "min_ttl": 0,
                "smooth_streaming": false,
                "target_origin_id": "S3-mananbucket786",
                "trusted_signers": [],
                "viewer_protocol_policy": "allow-all"
              }
            ],
            "default_root_object": "",
            "domain_name": "d10ca2b5ehrove.cloudfront.net",
            "enabled": true,
            "etag": "E298881U647VO5",
            "hosted_zone_id": "Z2FDTNDATAQYW2",
            "http_version": "http2",
            "id": "E383ZDGOWGPY8X",
            "in_progress_validation_batches": 0,
            "is_ipv6_enabled": false,
            "last_modified_time": "2020-06-15 07:04:22.182 +0000 UTC",
            "logging_config": [],
            "ordered_cache_behavior": [],
            "origin": [
              {
                "custom_header": [],
                "custom_origin_config": [
                  {
                    "http_port": 80,
                    "https_port": 80,
                    "origin_keepalive_timeout": 5,
                    "origin_protocol_policy": "match-viewer",
                    "origin_read_timeout": 30,
                    "origin_ssl_protocols": [
                      "TLSv1",
                      "TLSv1.1",
                      "TLSv1.2"
                    ]
                  }
                ],
                "domain_name": "mananbucket786.s3.amazonaws.com",
                "origin_id": "S3-mananbucket786",
                "origin_path": "",
                "s3_origin_config": []
              }
            ],
            "origin_group": [],
            "price_class": "PriceClass_All",
            "restrictions": [
              {
                "geo_restriction": [
                  {
                    "locations": [],
                    "restriction_type": "none"
                  }
                ]
              }
            ],
            "retain_on_delete": false,
            "status": "Deployed",
            "tags": {},
            "viewer_certificate": [
              {
                "acm_certificate_arn": "",
                "cloudfront_default_certificate": true,
                "iam_certificate_id": "",
                "minimum_protocol_version": "TLSv1",
                "ssl_support_method": ""
              }
            ],
            "wait_for_deployment": true,
            "web_acl_id": ""
          },
          "private": "eyJzY2hlbWFfdmVyc2lvbiI6IjEifQ=="
        }
      ]
    },
    {
      "mode": "managed",
      "type": "aws_ebs_volume",
      "name": "ebs1",
      "provider": "provider.aws",
      "instances": [
        {
          "schema_version": 0,
          "attributes": {
            "arn": "arn:aws:ec2:ap-south-1:038340661940:volume/vol-0b3ef1db433429a84",
            "availability_zone": "ap-south-1b",
            "encrypted": false,
            "id": "vol-0b3ef1db433429a84",
            "iops": 100,
            "kms_key_id": "",
            "multi_attach_enabled": false,
            "outpost_arn": "",
            "size": 1,
            "snapshot_id": "",
            "tags": {
              "Name": "vol1"
            },
            "type": "gp2"
          },
          "private": "bnVsbA==",
          "dependencies": [
            "aws_instance.os1",
            "aws_key_pair.generated_key",
            "tls_private_key.myterrakey"
          ]
        }
      ]
    },
    {
      "mode": "managed",
      "type": "aws_instance",
      "name": "os1",
      "provider": "provider.aws",
      "instances": [
        {
          "schema_version": 1,
          "attributes": {
            "ami": "ami-0447a12f28fddb066",
            "arn": "arn:aws:ec2:ap-south-1:038340661940:instance/i-06cd806908b56b3a7",
            "associate_public_ip_address": true,
            "availability_zone": "ap-south-1b",
            "cpu_core_count": 1,
            "cpu_threads_per_core": 1,
            "credit_specification": [
              {
                "cpu_credits": "standard"
              }
            ],
            "disable_api_termination": false,
            "ebs_block_device": [
              {
                "delete_on_termination": false,
                "device_name": "/dev/sdh",
                "encrypted": false,
                "iops": 100,
                "kms_key_id": "",
                "snapshot_id": "",
                "volume_id": "vol-0b3ef1db433429a84",
                "volume_size": 1,
                "volume_type": "gp2"
              }
            ],
            "ebs_optimized": false,
            "ephemeral_block_device": [],
            "get_password_data": false,
            "hibernation": false,
            "host_id": null,
            "iam_instance_profile": "",
            "id": "i-06cd806908b56b3a7",
            "instance_initiated_shutdown_behavior": null,
            "instance_state": "running",
            "instance_type": "t2.micro",
            "ipv6_address_count": 0,
            "ipv6_addresses": [],
            "key_name": "myterrakey",
            "metadata_options": [
              {
                "http_endpoint": "enabled",
                "http_put_response_hop_limit": 1,
                "http_tokens": "optional"
              }
            ],
            "monitoring": false,
            "network_interface": [],
            "network_interface_id": null,
            "outpost_arn": "",
            "password_data": "",
            "placement_group": "",
            "primary_network_interface_id": "eni-073fc6bb46132de34",
            "private_dns": "ip-172-31-5-42.ap-south-1.compute.internal",
            "private_ip": "172.31.5.42",
            "public_dns": "ec2-13-234-66-240.ap-south-1.compute.amazonaws.com",
            "public_ip": "13.234.66.240",
            "root_block_device": [
              {
                "delete_on_termination": true,
                "device_name": "/dev/xvda",
                "encrypted": false,
                "iops": 100,
                "kms_key_id": "",
                "volume_id": "vol-0d68e49f31526060c",
                "volume_size": 8,
                "volume_type": "gp2"
              }
            ],
            "security_groups": [
              "launch-wizard-4"
            ],
            "source_dest_check": true,
            "subnet_id": "subnet-3713787b",
            "tags": {
              "Name": "os1"
            },
            "tenancy": "default",
            "timeouts": null,
            "user_data": null,
            "user_data_base64": null,
            "volume_tags": {
              "Name": "vol1"
            },
            "vpc_security_group_ids": [
              "sg-0c0407793c3ff7e54"
            ]
          },
          "private": "eyJlMmJmYjczMC1lY2FhLTExZTYtOGY4OC0zNDM2M2JjN2M0YzAiOnsiY3JlYXRlIjo2MDAwMDAwMDAwMDAsImRlbGV0ZSI6MTIwMDAwMDAwMDAwMCwidXBkYXRlIjo2MDAwMDAwMDAwMDB9LCJzY2hlbWFfdmVyc2lvbiI6IjEifQ==",
          "dependencies": [
            "aws_key_pair.generated_key",
            "tls_private_key.myterrakey"
          ]
        }
      ]
    },
    {
      "mode": "managed",
      "type": "aws_key_pair",
      "name": "generated_key",
      "provider": "provider.aws",
      "instances": [
        {
          "schema_version": 1,
          "attributes": {
            "fingerprint": "34:d2:20:89:fe:4f:5c:24:21:f3:03:57:ed:01:92:b0",
            "id": "myterrakey",
            "key_name": "myterrakey",
            "key_name_prefix": null,
            "key_pair_id": "key-0ac723759d2c2ccd1",
            "public_key": "ssh-rsa AAAAB3NzaC1yc2EAAAADAQABAAABAQC02e8guJZrYoopCmcAc+OQhEZ6xmwpyqowOIl5GULEPX8KhoKItVxMpXOWzh26OnXrq+X4tqHZfZKsTaESIPXPTjP8rdcBPoh9T9VXaZoVPajYiI0+Y7DFdKva8ivft6fU1wA+NrygoSyIsecRg8wqt6QImfBUa4N6vxnrIuU06GEzN8WCRrkug1tRMJZtmVZCjnSd22V0tBVpzSi3rgGdA8lFHX5ag5oo0iOdCz2bIiv8NUxqrifDjcuC7Tq1F8h/vxgE8nyn1q0Zo+NDaiEgOXWeeJEjpW+4qQj432lCngmgUe30tGOeljLQ5ZVq1IjzXEW/uayaygl7JNfq/Xu9",
            "tags": {}
          },
          "private": "eyJzY2hlbWFfdmVyc2lvbiI6IjEifQ==",
          "dependencies": [
            "tls_private_key.myterrakey"
          ]
        }
      ]
    },
    {
      "mode": "managed",
      "type": "aws_s3_bucket",
      "name": "terra-bucket",
      "provider": "provider.aws",
      "instances": [
        {
          "schema_version": 0,
          "attributes": {
            "acceleration_status": "",
            "acl": "public-read",
            "arn": "arn:aws:s3:::mananbucket786",
            "bucket": "mananbucket786",
            "bucket_domain_name": "mananbucket786.s3.amazonaws.com",
            "bucket_prefix": null,
            "bucket_regional_domain_name": "mananbucket786.s3.ap-south-1.amazonaws.com",
            "cors_rule": [],
            "force_destroy": false,
            "grant": [],
            "hosted_zone_id": "Z11RGJOFQNVJUP",
            "id": "mananbucket786",
            "lifecycle_rule": [],
            "logging": [],
            "object_lock_configuration": [],
            "policy": null,
            "region": "ap-south-1",
            "replication_configuration": [],
            "request_payer": "BucketOwner",
            "server_side_encryption_configuration": [],
            "tags": {
              "Environment": "Dev",
              "Name": "my-terra-bucket"
            },
            "versioning": [
              {
                "enabled": true,
                "mfa_delete": false
              }
            ],
            "website": [],
            "website_domain": null,
            "website_endpoint": null
          },
          "private": "bnVsbA=="
        }
      ]
    },
    {
      "mode": "managed",
      "type": "aws_security_group",
      "name": "launch-wizard-4",
      "provider": "provider.aws",
      "instances": [
        {
          "schema_version": 1,
          "attributes": {
            "arn": "arn:aws:ec2:ap-south-1:038340661940:security-group/sg-0c0407793c3ff7e54",
            "description": "Allows SSH and HTTP",
            "egress": [
              {
                "cidr_blocks": [
                  "0.0.0.0/0"
                ],
                "description": "",
                "from_port": 0,
                "ipv6_cidr_blocks": [],
                "prefix_list_ids": [],
                "protocol": "-1",
                "security_groups": [],
                "self": false,
                "to_port": 0
              }
            ],
            "id": "sg-0c0407793c3ff7e54",
            "ingress": [
              {
                "cidr_blocks": [
                  "0.0.0.0/0"
                ],
                "description": "HTTP",
                "from_port": 80,
                "ipv6_cidr_blocks": [],
                "prefix_list_ids": [],
                "protocol": "tcp",
                "security_groups": [],
                "self": false,
                "to_port": 80
              },
              {
                "cidr_blocks": [
                  "0.0.0.0/0"
                ],
                "description": "SSH",
                "from_port": 22,
                "ipv6_cidr_blocks": [],
                "prefix_list_ids": [],
                "protocol": "tcp",
                "security_groups": [],
                "self": false,
                "to_port": 22
              }
            ],
            "name": "launch-wizard-4",
            "name_prefix": null,
            "owner_id": "038340661940",
            "revoke_rules_on_delete": false,
            "tags": {
              "Name": "launch-wizard-4"
            },
            "timeouts": null,
            "vpc_id": "vpc-5cf5e834"
          },
          "private": "eyJlMmJmYjczMC1lY2FhLTExZTYtOGY4OC0zNDM2M2JjN2M0YzAiOnsiY3JlYXRlIjo2MDAwMDAwMDAwMDAsImRlbGV0ZSI6NjAwMDAwMDAwMDAwfSwic2NoZW1hX3ZlcnNpb24iOiIxIn0="
        }
      ]
    },
    {
      "mode": "managed",
      "type": "aws_volume_attachment",
      "name": "ebs_attach",
      "provider": "provider.aws",
      "instances": [
        {
          "schema_version": 0,
          "attributes": {
            "device_name": "/dev/sdh",
            "force_detach": true,
            "id": "vai-4111685189",
            "instance_id": "i-06cd806908b56b3a7",
            "skip_destroy": null,
            "volume_id": "vol-0b3ef1db433429a84"
          },
          "private": "bnVsbA==",
          "dependencies": [
            "aws_ebs_volume.ebs1",
            "aws_instance.os1",
            "aws_key_pair.generated_key",
            "tls_private_key.myterrakey"
          ]
        }
      ]
    },
    {
      "mode": "managed",
      "type": "local_file",
      "name": "key-file",
      "provider": "provider.local",
      "instances": [
        {
          "schema_version": 0,
          "attributes": {
            "content": "-----BEGIN RSA PRIVATE KEY-----\nMIIEpgIBAAKCAQEAtNnvILiWa2KKKQpnAHPjkIRGesZsKcqqMDiJeRlCxD1/CoaC\niLVcTKVzls4dujp166vl+Lah2X2SrE2hEiD1z04z/K3XAT6IfU/VV2maFT2o2IiN\nPmOwxXSr2vIr37en1NcAPja8oKEsiLHnEYPMKrekCJnwVGuDer8Z6yLlNOhhMzfF\ngka5LoNbUTCWbZlWQo50ndtldLQVac0ot64BnQPJRR1+WoOaKNIjnQs9myIr/DVM\naq4nw43Lgu06tRfIf78YBPJ8p9atGaPjQ2ohIDl1nniRI6VvuKkI+N9pQp4JoFHt\n9LRjnpYy0OWVatSI81xFv7msmsoJeyTX6v17vQIDAQABAoIBAQCAf1yFrkHKOPCb\nqnV2/+CP3TxKndNaelIkAvfCoG0tC9jJPLtgsSPMnb4cR4Udvc3tTm0PI4yqAKwH\nWvz36Y1d513OyiG7E5hdGS0nd7PwJahjedqJmsGN+pDk9y6vPUm1U7Irgi7SHtKK\nqYTZkACv1V1qcx4sjVuVClU7GccrqEJns7GicThuyc6+bTKOotXovdx1wDWbYrR1\n8o3J/3GQdJlo65B+uLJ2aRBkxupdsjRvUNP75//hIFG/sjgCzRhxVPwNaoqXHQ3X\nh8KG7K/M8IUIdr410/jqe8l2Ha93ZOtTGUaTF1H0UefNh2P+IMpidutN1RsWupGY\nWOac1LNNAoGBAMh6BDkoqgojg0zoeEOHddHQ9i/wSxWpuk6K2/A0o9BR+CtqYzWu\nTctX6MjiqRJnbtIO2OYVp8UZV1BDZ9Zep03qV8zGNqLligDjnWemudnJgFWGqXo9\n2ERgz6JCG4LjfCBPIHBVP+Vj8GFh2pVgupnknI2B2orPx+BVI0xqjsbXAoGBAObw\ndq8nug8BT90EOmCW0kZkw7Ls4egNvOmpg//jW6u19q05HLe/GWURP4VTNkvgepkP\nUDAODMInUpu6eLt8qKLsXn7ZhJ2C/XOCmAdG8286AF6+qkSH5l3b44+u6enJBXkv\np3NzO3F7X3EEszc0uHkyWxSJzbAx8vgFhHeYlQOLAoGBALVHSBxbfe6vECJyL5V4\nnvw8BPFySqLrGBG/lIOPRfWwuUSg7dbzp1rRQiisdI+0wcvmKxFa0ZrzgDWOzg1V\nB9n3pq7/KRaBkxmcuI+qfnHFuGsd2pAz7iRemkIxnujrRSl+A2owXBfUF+Am+N2M\nWw+fXkTC/9f3bNiYg9OsozB/AoGBAIjf/sgDmMAp++a4Cc2Ttp9oO6FBywcZlV08\nTnMMkxmrqL+0ePPi/K8tUOO5lRXVv3QWYmWI/kDYw5pvI/2jfePKiptOWs5sg8HB\npk+x2riSvQNqqEoj7gK1QCO5/QPGVEsmVm4T3yh8ge3fZkUTJz8V/Guo3VNP13zu\n8DteIPvPAoGBAIJGjHuAF9CJngRijR6FhvDjWLmcf5tH8Kg94wqlHi+E49wmNvax\n5sc87Let1s6VqBt4/I0VCoA185pokcsHEUKk9JZp60H3ZUHVlKc5d7RfzhT0wgI1\nmwiPmsY/JxUI0v3kCNtxy6CiYdgjCbiPob1a2V7FBHadaFOQB/LURbHO\n-----END RSA PRIVATE KEY-----\n",
            "content_base64": null,
            "directory_permission": "0777",
            "file_permission": "0777",
            "filename": "myterrakey.pem",
            "id": "8a4d9fadda8ee9c80bb442cbdc8293af2fd9be14",
            "sensitive_content": null
          },
          "private": "bnVsbA==",
          "dependencies": [
            "tls_private_key.myterrakey"
          ]
        }
      ]
    },
    {
      "mode": "managed",
      "type": "null_resource",
      "name": "nullip",
      "provider": "provider.null",
      "instances": [
        {
          "schema_version": 0,
          "attributes": {
            "id": "6923911022773865600",
            "triggers": null
          },
          "dependencies": [
            "aws_instance.os1",
            "aws_key_pair.generated_key",
            "tls_private_key.myterrakey"
          ]
        }
      ]
    },
    {
      "mode": "managed",
      "type": "null_resource",
      "name": "nullmount",
      "provider": "provider.null",
      "instances": [
        {
          "schema_version": 0,
          "attributes": {
            "id": "2559115661589070964",
            "triggers": null
          },
          "dependencies": [
            "aws_ebs_volume.ebs1",
            "aws_instance.os1",
            "aws_key_pair.generated_key",
            "aws_volume_attachment.ebs_attach",
            "tls_private_key.myterrakey"
          ]
        }
      ]
    },
    {
      "mode": "managed",
      "type": "null_resource",
      "name": "nullremote",
      "provider": "provider.null",
      "instances": [
        {
          "schema_version": 0,
          "attributes": {
            "id": "7532929491665296147",
            "triggers": null
          },
          "private": "bnVsbA==",
          "dependencies": [
            "aws_instance.os1",
            "null_resource.nullmount"
          ]
        }
      ]
    },
    {
      "mode": "managed",
      "type": "tls_private_key",
      "name": "myterrakey",
      "provider": "provider.tls",
      "instances": [
        {
          "schema_version": 0,
          "attributes": {
            "algorithm": "RSA",
            "ecdsa_curve": "P224",
            "id": "b20a25e0205ce77469d9857db214186e7d649cbe",
            "private_key_pem": "-----BEGIN RSA PRIVATE KEY-----\nMIIEpgIBAAKCAQEAtNnvILiWa2KKKQpnAHPjkIRGesZsKcqqMDiJeRlCxD1/CoaC\niLVcTKVzls4dujp166vl+Lah2X2SrE2hEiD1z04z/K3XAT6IfU/VV2maFT2o2IiN\nPmOwxXSr2vIr37en1NcAPja8oKEsiLHnEYPMKrekCJnwVGuDer8Z6yLlNOhhMzfF\ngka5LoNbUTCWbZlWQo50ndtldLQVac0ot64BnQPJRR1+WoOaKNIjnQs9myIr/DVM\naq4nw43Lgu06tRfIf78YBPJ8p9atGaPjQ2ohIDl1nniRI6VvuKkI+N9pQp4JoFHt\n9LRjnpYy0OWVatSI81xFv7msmsoJeyTX6v17vQIDAQABAoIBAQCAf1yFrkHKOPCb\nqnV2/+CP3TxKndNaelIkAvfCoG0tC9jJPLtgsSPMnb4cR4Udvc3tTm0PI4yqAKwH\nWvz36Y1d513OyiG7E5hdGS0nd7PwJahjedqJmsGN+pDk9y6vPUm1U7Irgi7SHtKK\nqYTZkACv1V1qcx4sjVuVClU7GccrqEJns7GicThuyc6+bTKOotXovdx1wDWbYrR1\n8o3J/3GQdJlo65B+uLJ2aRBkxupdsjRvUNP75//hIFG/sjgCzRhxVPwNaoqXHQ3X\nh8KG7K/M8IUIdr410/jqe8l2Ha93ZOtTGUaTF1H0UefNh2P+IMpidutN1RsWupGY\nWOac1LNNAoGBAMh6BDkoqgojg0zoeEOHddHQ9i/wSxWpuk6K2/A0o9BR+CtqYzWu\nTctX6MjiqRJnbtIO2OYVp8UZV1BDZ9Zep03qV8zGNqLligDjnWemudnJgFWGqXo9\n2ERgz6JCG4LjfCBPIHBVP+Vj8GFh2pVgupnknI2B2orPx+BVI0xqjsbXAoGBAObw\ndq8nug8BT90EOmCW0kZkw7Ls4egNvOmpg//jW6u19q05HLe/GWURP4VTNkvgepkP\nUDAODMInUpu6eLt8qKLsXn7ZhJ2C/XOCmAdG8286AF6+qkSH5l3b44+u6enJBXkv\np3NzO3F7X3EEszc0uHkyWxSJzbAx8vgFhHeYlQOLAoGBALVHSBxbfe6vECJyL5V4\nnvw8BPFySqLrGBG/lIOPRfWwuUSg7dbzp1rRQiisdI+0wcvmKxFa0ZrzgDWOzg1V\nB9n3pq7/KRaBkxmcuI+qfnHFuGsd2pAz7iRemkIxnujrRSl+A2owXBfUF+Am+N2M\nWw+fXkTC/9f3bNiYg9OsozB/AoGBAIjf/sgDmMAp++a4Cc2Ttp9oO6FBywcZlV08\nTnMMkxmrqL+0ePPi/K8tUOO5lRXVv3QWYmWI/kDYw5pvI/2jfePKiptOWs5sg8HB\npk+x2riSvQNqqEoj7gK1QCO5/QPGVEsmVm4T3yh8ge3fZkUTJz8V/Guo3VNP13zu\n8DteIPvPAoGBAIJGjHuAF9CJngRijR6FhvDjWLmcf5tH8Kg94wqlHi+E49wmNvax\n5sc87Let1s6VqBt4/I0VCoA185pokcsHEUKk9JZp60H3ZUHVlKc5d7RfzhT0wgI1\nmwiPmsY/JxUI0v3kCNtxy6CiYdgjCbiPob1a2V7FBHadaFOQB/LURbHO\n-----END RSA PRIVATE KEY-----\n",
            "public_key_fingerprint_md5": "36:33:8c:47:26:7a:be:ca:4c:ea:bb:2b:6f:67:dd:74",
            "public_key_openssh": "ssh-rsa AAAAB3NzaC1yc2EAAAADAQABAAABAQC02e8guJZrYoopCmcAc+OQhEZ6xmwpyqowOIl5GULEPX8KhoKItVxMpXOWzh26OnXrq+X4tqHZfZKsTaESIPXPTjP8rdcBPoh9T9VXaZoVPajYiI0+Y7DFdKva8ivft6fU1wA+NrygoSyIsecRg8wqt6QImfBUa4N6vxnrIuU06GEzN8WCRrkug1tRMJZtmVZCjnSd22V0tBVpzSi3rgGdA8lFHX5ag5oo0iOdCz2bIiv8NUxqrifDjcuC7Tq1F8h/vxgE8nyn1q0Zo+NDaiEgOXWeeJEjpW+4qQj432lCngmgUe30tGOeljLQ5ZVq1IjzXEW/uayaygl7JNfq/Xu9\n",
            "public_key_pem": "-----BEGIN PUBLIC KEY-----\nMIIBIjANBgkqhkiG9w0BAQEFAAOCAQ8AMIIBCgKCAQEAtNnvILiWa2KKKQpnAHPj\nkIRGesZsKcqqMDiJeRlCxD1/CoaCiLVcTKVzls4dujp166vl+Lah2X2SrE2hEiD1\nz04z/K3XAT6IfU/VV2maFT2o2IiNPmOwxXSr2vIr37en1NcAPja8oKEsiLHnEYPM\nKrekCJnwVGuDer8Z6yLlNOhhMzfFgka5LoNbUTCWbZlWQo50ndtldLQVac0ot64B\nnQPJRR1+WoOaKNIjnQs9myIr/DVMaq4nw43Lgu06tRfIf78YBPJ8p9atGaPjQ2oh\nIDl1nniRI6VvuKkI+N9pQp4JoFHt9LRjnpYy0OWVatSI81xFv7msmsoJeyTX6v17\nvQIDAQAB\n-----END PUBLIC KEY-----\n",
            "rsa_bits": 2048
          },
          "private": "bnVsbA=="
        }
      ]
    }
  ]
}
